# This file is automatically @generated by Cargo.
# It is not intended for manual editing.
version = 3

[[package]]
name = "average"
version = "0.1.0"

[[package]]
name = "double"
version = "0.1.0"

[[package]]
name = "factorial"
version = "0.1.0"

[[package]]
name = "ifce_average"
version = "0.1.0"

[[package]]
name = "linked_list"
version = "0.1.0"

[[package]]
name = "natural_logarithm"
version = "0.1.0"

[[package]]
name = "pi"
version = "0.1.0"

[[package]]
name = "quadratic"
version = "0.1.0"

[[package]]
name = "set_amplitude"
version = "0.1.0"

[[package]]
name = "triangle"
version = "0.1.0"
